
Microsoft Visual Studio Solution File, Format Version 12.00
# Visual Studio Version 17
VisualStudioVersion = 17.14.36109.1 d17.14
MinimumVisualStudioVersion = 10.0.40219.1
Project("{FAE04EC0-301F-11D3-BF4B-00C04F79EFBC}") = "Todo-List", "Todo-List\Todo-List.csproj", "{73F38FC5-4211-4B35-A9EB-D60D927D9429}"
EndProject
Global
	GlobalSection(SolutionConfigurationPlatforms) = preSolution
		Debug|Any CPU = Debug|Any CPU
		Release|Any CPU = Release|Any CPU
	EndGlobalSection
	GlobalSection(ProjectConfigurationPlatforms) = postSolution
		{73F38FC5-4211-4B35-A9EB-D60D927D9429}.Debug|Any CPU.ActiveCfg = Debug|Any CPU
		{73F38FC5-4211-4B35-A9EB-D60D927D9429}.Debug|Any CPU.Build.0 = Debug|Any CPU
		{73F38FC5-4211-4B35-A9EB-D60D927D9429}.Release|Any CPU.ActiveCfg = Release|Any CPU
		{73F38FC5-4211-4B35-A9EB-D60D927D9429}.Release|Any CPU.Build.0 = Release|Any CPU
	EndGlobalSection
	GlobalSection(SolutionProperties) = preSolution
		HideSolutionNode = FALSE
	EndGlobalSection
	GlobalSection(ExtensibilityGlobals) = postSolution
		SolutionGuid = {D9BC5C8C-6725-40FF-AA75-5D227A4FCD50}
	EndGlobalSection
EndGlobal
